
Microsoft Visual Studio Solution File, Format Version 12.00
# Visual Studio 14
VisualStudioVersion = 14.0.25420.1
MinimumVisualStudioVersion = 10.0.40219.1
Project("{8BC9CEB8-8B4A-11D0-8D11-00A0C91BC942}") = "TestHideProcess", "TestHideProcess\TestHideProcess.vcxproj", "{44BEE7E7-D33D-4129-A99F-69044097AE34}"
EndProject
Project("{8BC9CEB8-8B4A-11D0-8D11-00A0C91BC942}") = "ProcessHideLib", "ProcessHideLib\ProcessHideLib.vcxproj", "{B45908A0-994A-45DD-897E-526C492900AF}"
EndProject
Project("{8BC9CEB8-8B4A-11D0-8D11-00A0C91BC942}") = "ProcessHideSrv", "ProcessHideSrv\ProcessHideSrv.vcxproj", "{AEEC9FBA-9A65-484A-92E6-9D1947DBEC91}"
EndProject
Project("{8BC9CEB8-8B4A-11D0-8D11-00A0C91BC942}") = "ProcessHideHooks", "ProcessHideHooks\ProcessHideHooks.vcxproj", "{B0F004C4-112B-4831-9527-9075009808BE}"
EndProject
Project("{8BC9CEB8-8B4A-11D0-8D11-00A0C91BC942}") = "InjectionUserModeStarter", "InjectionUserModeStarter\InjectionUserModeStarter.vcxproj", "{C117D2AC-DCE7-4518-B1B7-8DC61D66DA77}"
EndProject
Global
	GlobalSection(SolutionConfigurationPlatforms) = preSolution
		Debug|x64 = Debug|x64
		Debug|x86 = Debug|x86
		Release|x64 = Release|x64
		Release|x86 = Release|x86
	EndGlobalSection
	GlobalSection(ProjectConfigurationPlatforms) = postSolution
		{44BEE7E7-D33D-4129-A99F-69044097AE34}.Debug|x64.ActiveCfg = Debug|x64
		{44BEE7E7-D33D-4129-A99F-69044097AE34}.Debug|x64.Build.0 = Debug|x64
		{44BEE7E7-D33D-4129-A99F-69044097AE34}.Debug|x86.ActiveCfg = Debug|Win32
		{44BEE7E7-D33D-4129-A99F-69044097AE34}.Debug|x86.Build.0 = Debug|Win32
		{44BEE7E7-D33D-4129-A99F-69044097AE34}.Release|x64.ActiveCfg = Release|x64
		{44BEE7E7-D33D-4129-A99F-69044097AE34}.Release|x64.Build.0 = Release|x64
		{44BEE7E7-D33D-4129-A99F-69044097AE34}.Release|x86.ActiveCfg = Release|Win32
		{44BEE7E7-D33D-4129-A99F-69044097AE34}.Release|x86.Build.0 = Release|Win32
		{B45908A0-994A-45DD-897E-526C492900AF}.Debug|x64.ActiveCfg = Debug|x64
		{B45908A0-994A-45DD-897E-526C492900AF}.Debug|x64.Build.0 = Debug|x64
		{B45908A0-994A-45DD-897E-526C492900AF}.Debug|x86.ActiveCfg = Debug|Win32
		{B45908A0-994A-45DD-897E-526C492900AF}.Debug|x86.Build.0 = Debug|Win32
		{B45908A0-994A-45DD-897E-526C492900AF}.Release|x64.ActiveCfg = Release|x64
		{B45908A0-994A-45DD-897E-526C492900AF}.Release|x64.Build.0 = Release|x64
		{B45908A0-994A-45DD-897E-526C492900AF}.Release|x86.ActiveCfg = Release|Win32
		{B45908A0-994A-45DD-897E-526C492900AF}.Release|x86.Build.0 = Release|Win32
		{AEEC9FBA-9A65-484A-92E6-9D1947DBEC91}.Debug|x64.ActiveCfg = Debug|x64
		{AEEC9FBA-9A65-484A-92E6-9D1947DBEC91}.Debug|x64.Build.0 = Debug|x64
		{AEEC9FBA-9A65-484A-92E6-9D1947DBEC91}.Debug|x86.ActiveCfg = Debug|Win32
		{AEEC9FBA-9A65-484A-92E6-9D1947DBEC91}.Debug|x86.Build.0 = Debug|Win32
		{AEEC9FBA-9A65-484A-92E6-9D1947DBEC91}.Release|x64.ActiveCfg = Release|x64
		{AEEC9FBA-9A65-484A-92E6-9D1947DBEC91}.Release|x64.Build.0 = Release|x64
		{AEEC9FBA-9A65-484A-92E6-9D1947DBEC91}.Release|x86.ActiveCfg = Release|Win32
		{AEEC9FBA-9A65-484A-92E6-9D1947DBEC91}.Release|x86.Build.0 = Release|Win32
		{B0F004C4-112B-4831-9527-9075009808BE}.Debug|x64.ActiveCfg = Debug|x64
		{B0F004C4-112B-4831-9527-9075009808BE}.Debug|x64.Build.0 = Debug|x64
		{B0F004C4-112B-4831-9527-9075009808BE}.Debug|x86.ActiveCfg = Debug|Win32
		{B0F004C4-112B-4831-9527-9075009808BE}.Debug|x86.Build.0 = Debug|Win32
		{B0F004C4-112B-4831-9527-9075009808BE}.Release|x64.ActiveCfg = Release|x64
		{B0F004C4-112B-4831-9527-9075009808BE}.Release|x64.Build.0 = Release|x64
		{B0F004C4-112B-4831-9527-9075009808BE}.Release|x86.ActiveCfg = Release|Win32
		{B0F004C4-112B-4831-9527-9075009808BE}.Release|x86.Build.0 = Release|Win32
		{C117D2AC-DCE7-4518-B1B7-8DC61D66DA77}.Debug|x64.ActiveCfg = Debug|x64
		{C117D2AC-DCE7-4518-B1B7-8DC61D66DA77}.Debug|x64.Build.0 = Debug|x64
		{C117D2AC-DCE7-4518-B1B7-8DC61D66DA77}.Debug|x86.ActiveCfg = Debug|Win32
		{C117D2AC-DCE7-4518-B1B7-8DC61D66DA77}.Debug|x86.Build.0 = Debug|Win32
		{C117D2AC-DCE7-4518-B1B7-8DC61D66DA77}.Release|x64.ActiveCfg = Release|x64
		{C117D2AC-DCE7-4518-B1B7-8DC61D66DA77}.Release|x64.Build.0 = Release|x64
		{C117D2AC-DCE7-4518-B1B7-8DC61D66DA77}.Release|x86.ActiveCfg = Release|Win32
		{C117D2AC-DCE7-4518-B1B7-8DC61D66DA77}.Release|x86.Build.0 = Release|Win32
	EndGlobalSection
	GlobalSection(SolutionProperties) = preSolution
		HideSolutionNode = FALSE
	EndGlobalSection
EndGlobal
