<?xml version="1.0" encoding="utf-8"?>
<Project ToolsVersion="4.0" xmlns="http://schemas.microsoft.com/developer/msbuild/2003">
  <ItemGroup>
    <Filter Include="Source Files">
      <UniqueIdentifier>{4FC737F1-C7A5-4376-A066-2A32D752A2FF}</UniqueIdentifier>
      <Extensions>cpp;c;cc;cxx;def;odl;idl;hpj;bat;asm;asmx</Extensions>
    </Filter>
    <Filter Include="Header Files">
      <UniqueIdentifier>{93995380-89BD-4b04-88EB-625FBE52EBFB}</UniqueIdentifier>
      <Extensions>h;hh;hpp;hxx;hm;inl;inc;xsd</Extensions>
    </Filter>
    <Filter Include="Resource Files">
      <UniqueIdentifier>{67DA6AB6-F800-4c08-8B7A-83BB121AAD01}</UniqueIdentifier>
      <Extensions>rc;ico;cur;bmp;dlg;rc2;rct;bin;rgs;gif;jpg;jpeg;jpe;resx;tiff;tif;png;wav;mfcribbon-ms</Extensions>
    </Filter>
    <Filter Include="mhooks">
      <UniqueIdentifier>{77172d46-5586-4763-9447-2b2ca0a2c749}</UniqueIdentifier>
    </Filter>
  </ItemGroup>
  <ItemGroup>
    <Text Include="ReadMe.txt" />
  </ItemGroup>
  <ItemGroup>
    <ClInclude Include="stdafx.h">
      <Filter>Header Files</Filter>
    </ClInclude>
    <ClInclude Include="targetver.h">
      <Filter>Header Files</Filter>
    </ClInclude>
    <ClInclude Include="ProcessHideHooks.h">
      <Filter>Header Files</Filter>
    </ClInclude>
    <ClInclude Include="TaskManagerDetector.h">
      <Filter>Header Files</Filter>
    </ClInclude>
    <ClInclude Include="mhook-master\mhook-lib\mhook.h">
      <Filter>mhooks</Filter>
    </ClInclude>
    <ClInclude Include="mhook-master\disasm-lib\cpu.h">
      <Filter>mhooks</Filter>
    </ClInclude>
    <ClInclude Include="mhook-master\disasm-lib\disasm.h">
      <Filter>mhooks</Filter>
    </ClInclude>
    <ClInclude Include="mhook-master\disasm-lib\disasm_x86.h">
      <Filter>mhooks</Filter>
    </ClInclude>
    <ClInclude Include="mhook-master\disasm-lib\disasm_x86_tables.h">
      <Filter>mhooks</Filter>
    </ClInclude>
    <ClInclude Include="mhook-master\disasm-lib\misc.h">
      <Filter>mhooks</Filter>
    </ClInclude>
  </ItemGroup>
  <ItemGroup>
    <ClCompile Include="stdafx.cpp">
      <Filter>Source Files</Filter>
    </ClCompile>
    <ClCompile Include="ProcessHideHooks.cpp">
      <Filter>Source Files</Filter>
    </ClCompile>
    <ClCompile Include="dllmain.cpp">
      <Filter>Source Files</Filter>
    </ClCompile>
    <ClCompile Include="TaskManagerDetector.cpp">
      <Filter>Source Files</Filter>
    </ClCompile>
    <ClCompile Include="mhook-master\mhook-lib\mhook.cpp">
      <Filter>mhooks</Filter>
    </ClCompile>
    <ClCompile Include="mhook-master\disasm-lib\cpu.c">
      <Filter>mhooks</Filter>
    </ClCompile>
    <ClCompile Include="mhook-master\disasm-lib\disasm.c">
      <Filter>mhooks</Filter>
    </ClCompile>
    <ClCompile Include="mhook-master\disasm-lib\disasm_x86.c">
      <Filter>mhooks</Filter>
    </ClCompile>
  </ItemGroup>
</Project>